
Microsoft Visual Studio Solution File, Format Version 12.00
# Visual Studio 14
VisualStudioVersion = 14.0.23107.0
MinimumVisualStudioVersion = 10.0.40219.1
Project("{FAE04EC0-301F-11D3-BF4B-00C04F79EFBC}") = "Justin H. Lei's Blog", "Justin H. Lei's Blog\Justin H. Lei's Blog.csproj", "{FD73FB31-ABA6-481E-9558-F7BC0D606548}"
EndProject
Global
	GlobalSection(SolutionConfigurationPlatforms) = preSolution
		Debug|Any CPU = Debug|Any CPU
		Release|Any CPU = Release|Any CPU
	EndGlobalSection
	GlobalSection(ProjectConfigurationPlatforms) = postSolution
		{FD73FB31-ABA6-481E-9558-F7BC0D606548}.Debug|Any CPU.ActiveCfg = Debug|Any CPU
		{FD73FB31-ABA6-481E-9558-F7BC0D606548}.Debug|Any CPU.Build.0 = Debug|Any CPU
		{FD73FB31-ABA6-481E-9558-F7BC0D606548}.Release|Any CPU.ActiveCfg = Release|Any CPU
		{FD73FB31-ABA6-481E-9558-F7BC0D606548}.Release|Any CPU.Build.0 = Release|Any CPU
	EndGlobalSection
	GlobalSection(SolutionProperties) = preSolution
		HideSolutionNode = FALSE
	EndGlobalSection
EndGlobal
